# THIS IS AN AUTOGENERATED FILE. DO NOT EDIT THIS FILE DIRECTLY.
# yarn lockfile v1


"js-tokens@^3.0.0 || ^4.0.0":
  version "4.0.0"
  resolved "https://registry.yarnpkg.com/js-tokens/-/js-tokens-4.0.0.tgz#19203fb59991df98e3a287050d4647cdeaf32499"
  integrity sha512-RdJUflcE3cUzKiMqQgsCu06FPu9UdIJO0beYbPhHN4k6apgJtifcoCtT9bcxOpYBtpD2kCM6Sbzg4CausW/PKQ==

lodash@^4.17.11:
  version "4.17.11"
  resolved "https://registry.yarnpkg.com/lodash/-/lodash-4.17.11.tgz#b39ea6229ef607ecd89e2c8df12536891cac9b8d"
  integrity sha512-cQKh8igo5QUhZ7lg38DYWAxMvjSAKG0A8wGSVimP07SIUEK2UO+arSRKbRZWtelMtN5V0Hkwh5ryOto/SshYIg==

loose-envify@^1.3.1:
  version "1.4.0"
  resolved "https://registry.yarnpkg.com/loose-envify/-/loose-envify-1.4.0.tgz#71ee51fa7be4caec1a63839f7e682d8132d30caf"
  integrity sha512-lyuxPGr/Wfhrlem2CL/UcnUc1zcqKAImBDzukY7Y5F/yQiNdko6+fRLevlw1HgMySw7f611UIY408EtxRSoK3Q==
  dependencies:
    js-tokens "^3.0.0 || ^4.0.0"

nepali-date@^0.1.3:
  version "0.1.3"
  resolved "https://registry.yarnpkg.com/nepali-date/-/nepali-date-0.1.3.tgz#e075832d56a8e8b172ca2e2e3ad715029825be67"
  integrity sha1-4HWDLVao6LFyyi4uOtcVApglvmc=

object-assign@^4.1.1:
  version "4.1.1"
  resolved "https://registry.yarnpkg.com/object-assign/-/object-assign-4.1.1.tgz#2109adc7965887cfc05cbbd442cac8bfbb360863"
  integrity sha1-IQmtx5ZYh8/AXLvUQsrIv7s2CGM=

prop-types@^15.5.10, prop-types@^15.5.9:
  version "15.6.2"
  resolved "https://registry.yarnpkg.com/prop-types/-/prop-types-15.6.2.tgz#05d5ca77b4453e985d60fc7ff8c859094a497102"
  integrity sha512-3pboPvLiWD7dkI3qf3KbUe6hKFKa52w+AE0VCqECtf+QHAKgOL37tTaNCnuX1nAAQ4ZhyP+kYVKf8rLmJ/feDQ==
  dependencies:
    loose-envify "^1.3.1"
    object-assign "^4.1.1"

react-native-material-buttons@^0.5.0:
  version "0.5.0"
  resolved "https://registry.yarnpkg.com/react-native-material-buttons/-/react-native-material-buttons-0.5.0.tgz#ab2b3e3fc3f500ca713f51e9d75978aff602152a"
  integrity sha1-qys+P8P1AMpxP1Hp11l4r/YCFSo=
  dependencies:
    prop-types "^15.5.9"
    react-native-material-ripple "^0.7.0"

react-native-material-dropdown@^0.11.1:
  version "0.11.1"
  resolved "https://registry.yarnpkg.com/react-native-material-dropdown/-/react-native-material-dropdown-0.11.1.tgz#c0fe434a8e617941ef910ba44d2f07c8f37584fe"
  integrity sha1-wP5DSo5heUHvkQukTS8HyPN1hP4=
  dependencies:
    prop-types "^15.5.9"
    react-native-material-buttons "^0.5.0"
    react-native-material-ripple "^0.8.0"
    react-native-material-textfield "^0.12.0"

react-native-material-ripple@^0.7.0:
  version "0.7.5"
  resolved "https://registry.yarnpkg.com/react-native-material-ripple/-/react-native-material-ripple-0.7.5.tgz#e2af5110680532f14aea3c3a438247be2ffef659"
  integrity sha1-4q9REGgFMvFK6jw6Q4JHvi/+9lk=
  dependencies:
    prop-types "^15.5.10"

react-native-material-ripple@^0.8.0:
  version "0.8.0"
  resolved "https://registry.yarnpkg.com/react-native-material-ripple/-/react-native-material-ripple-0.8.0.tgz#b8c24e6fdea2af2a21e8468b1f40b35483019e2f"
  integrity sha1-uMJOb96iryoh6EaLH0CzVIMBni8=
  dependencies:
    prop-types "^15.5.10"

react-native-material-textfield@^0.12.0:
  version "0.12.0"
  resolved "https://registry.yarnpkg.com/react-native-material-textfield/-/react-native-material-textfield-0.12.0.tgz#3fba19d76ab89f67052c81e082152fc243d82a3f"
  integrity sha1-P7oZ12q4n2cFLIHgghUvwkPYKj8=
  dependencies:
    prop-types "^15.5.9"
